
Microsoft Visual Studio Solution File, Format Version 12.00
# Visual Studio Version 17
VisualStudioVersion = 17.3.32825.248
MinimumVisualStudioVersion = 10.0.40219.1
Project("{9A19103F-16F7-4668-BE54-9A1E7A4F7556}") = "Week8EpicGame", "Week8EpicGame\Week8EpicGame.csproj", "{7295A1CE-EFD1-4542-A74A-DD570819F656}"
EndProject
Global
	GlobalSection(SolutionConfigurationPlatforms) = preSolution
		Debug|Any CPU = Debug|Any CPU
		Release|Any CPU = Release|Any CPU
	EndGlobalSection
	GlobalSection(ProjectConfigurationPlatforms) = postSolution
		{7295A1CE-EFD1-4542-A74A-DD570819F656}.Debug|Any CPU.ActiveCfg = Debug|Any CPU
		{7295A1CE-EFD1-4542-A74A-DD570819F656}.Debug|Any CPU.Build.0 = Debug|Any CPU
		{7295A1CE-EFD1-4542-A74A-DD570819F656}.Release|Any CPU.ActiveCfg = Release|Any CPU
		{7295A1CE-EFD1-4542-A74A-DD570819F656}.Release|Any CPU.Build.0 = Release|Any CPU
	EndGlobalSection
	GlobalSection(SolutionProperties) = preSolution
		HideSolutionNode = FALSE
	EndGlobalSection
	GlobalSection(ExtensibilityGlobals) = postSolution
		SolutionGuid = {D18717D7-68C6-49B6-8873-3C9E03EBF075}
	EndGlobalSection
EndGlobal
